// !$*UTF8*$!
{
	archiveVersion = 1;
	classes = {
	};
	objectVersion = 46;
	objects = {

/* Begin PBXBuildFile section */
		4158520C025765049AC56923 /* HomePwnerItemCell.m in Sources */ = {isa = PBXBuildFile; fileRef = 415856D6A60DCA570017E332 /* HomePwnerItemCell.m */; };
		415853737489ED12DEF61B6C /* DetailViewController.m in Sources */ = {isa = PBXBuildFile; fileRef = 41585F6D80190DDEE6F3CC11 /* DetailViewController.m */; };
		4158554A4CD30B68708AF936 /* BNRImageStore.m in Sources */ = {isa = PBXBuildFile; fileRef = 415855D28AE7A70B489F6776 /* BNRImageStore.m */; };
		41585A089C8EB584FFC175BF /* Constants.m in Sources */ = {isa = PBXBuildFile; fileRef = 4158582136161385D66F6958 /* Constants.m */; };
		41585B9F45C9DB27BD54F792 /* DetailViewController.xib in Resources */ = {isa = PBXBuildFile; fileRef = 415856F814FBA3B109A3C0AB /* DetailViewController.xib */; };
		41585C21C3D1586569F389DC /* BNRItem.m in Sources */ = {isa = PBXBuildFile; fileRef = 415854AD59503F7C1B76969B /* BNRItem.m */; };
		41585C32B261FB9F967064A5 /* BNRItemStore.m in Sources */ = {isa = PBXBuildFile; fileRef = 41585FCF8851023AD2ADAB63 /* BNRItemStore.m */; };
		41585D673CF76412A901C41D /* ItemsViewController.m in Sources */ = {isa = PBXBuildFile; fileRef = 41585C2442C449CD9820748A /* ItemsViewController.m */; };
		41585FECDA2C695C0366F23B /* HeaderView.xib in Resources */ = {isa = PBXBuildFile; fileRef = 41585AA16B8AC169D7F7DCCE /* HeaderView.xib */; };
		A839FCF816A4CC910048E3BC /* UIKit.framework in Frameworks */ = {isa = PBXBuildFile; fileRef = A839FCF716A4CC910048E3BC /* UIKit.framework */; };
		A839FCFA16A4CC910048E3BC /* Foundation.framework in Frameworks */ = {isa = PBXBuildFile; fileRef = A839FCF916A4CC910048E3BC /* Foundation.framework */; };
		A839FCFC16A4CC910048E3BC /* CoreGraphics.framework in Frameworks */ = {isa = PBXBuildFile; fileRef = A839FCFB16A4CC910048E3BC /* CoreGraphics.framework */; };
		A839FD0216A4CC920048E3BC /* InfoPlist.strings in Resources */ = {isa = PBXBuildFile; fileRef = A839FD0016A4CC920048E3BC /* InfoPlist.strings */; };
		A839FD0416A4CC920048E3BC /* main.m in Sources */ = {isa = PBXBuildFile; fileRef = A839FD0316A4CC920048E3BC /* main.m */; };
		A839FD0816A4CC920048E3BC /* HomepwnerAppDelegate.m in Sources */ = {isa = PBXBuildFile; fileRef = A839FD0716A4CC920048E3BC /* HomepwnerAppDelegate.m */; };
		A839FD0A16A4CC920048E3BC /* Default.png in Resources */ = {isa = PBXBuildFile; fileRef = A839FD0916A4CC920048E3BC /* Default.png */; };
		A839FD0C16A4CC920048E3BC /* Default@2x.png in Resources */ = {isa = PBXBuildFile; fileRef = A839FD0B16A4CC920048E3BC /* Default@2x.png */; };
		A839FD0E16A4CC920048E3BC /* Default-568h@2x.png in Resources */ = {isa = PBXBuildFile; fileRef = A839FD0D16A4CC920048E3BC /* Default-568h@2x.png */; };
		A8C22B3A16A5FF260086901C /* DeleteIcon.png in Resources */ = {isa = PBXBuildFile; fileRef = A8C22B3816A5FF260086901C /* DeleteIcon.png */; };
		A8C22B3B16A5FF260086901C /* DeleteIcon@2x.png in Resources */ = {isa = PBXBuildFile; fileRef = A8C22B3916A5FF260086901C /* DeleteIcon@2x.png */; };
		A8D9439016A73665005EEC04 /* HomePwnerItemCell.xib in Resources */ = {isa = PBXBuildFile; fileRef = A8D9438F16A73665005EEC04 /* HomePwnerItemCell.xib */; };
/* End PBXBuildFile section */

/* Begin PBXFileReference section */
		4158500D08983A6F89F91A45 /* BNRImageStore.h */ = {isa = PBXFileReference; fileEncoding = 4; lastKnownFileType = sourcecode.c.h; path = BNRImageStore.h; sourceTree = "<group>"; };
		41585123E3EE1C06ACD895B1 /* DetailViewController.h */ = {isa = PBXFileReference; fileEncoding = 4; lastKnownFileType = sourcecode.c.h; path = DetailViewController.h; sourceTree = "<group>"; };
		415853BA54C68788AD509DAC /* ItemsViewController.h */ = {isa = PBXFileReference; fileEncoding = 4; lastKnownFileType = sourcecode.c.h; path = ItemsViewController.h; sourceTree = "<group>"; };
		415853BE894CF163873B73F4 /* BNRItemStore.h */ = {isa = PBXFileReference; fileEncoding = 4; lastKnownFileType = sourcecode.c.h; path = BNRItemStore.h; sourceTree = "<group>"; };
		415854AD59503F7C1B76969B /* BNRItem.m */ = {isa = PBXFileReference; fileEncoding = 4; lastKnownFileType = sourcecode.c.objc; path = BNRItem.m; sourceTree = "<group>"; };
		415855D28AE7A70B489F6776 /* BNRImageStore.m */ = {isa = PBXFileReference; fileEncoding = 4; lastKnownFileType = sourcecode.c.objc; path = BNRImageStore.m; sourceTree = "<group>"; };
		415856D6A60DCA570017E332 /* HomePwnerItemCell.m */ = {isa = PBXFileReference; fileEncoding = 4; lastKnownFileType = sourcecode.c.objc; path = HomePwnerItemCell.m; sourceTree = "<group>"; };
		415856DB55574812310903C0 /* BNRItem.h */ = {isa = PBXFileReference; fileEncoding = 4; lastKnownFileType = sourcecode.c.h; path = BNRItem.h; sourceTree = "<group>"; };
		415856F814FBA3B109A3C0AB /* DetailViewController.xib */ = {isa = PBXFileReference; lastKnownFileType = file.xib; path = DetailViewController.xib; sourceTree = "<group>"; };
		415857EC07F9D5D86E41FE26 /* HomePwnerItemCell.h */ = {isa = PBXFileReference; fileEncoding = 4; lastKnownFileType = sourcecode.c.h; path = HomePwnerItemCell.h; sourceTree = "<group>"; };
		4158582136161385D66F6958 /* Constants.m */ = {isa = PBXFileReference; fileEncoding = 4; lastKnownFileType = sourcecode.c.objc; path = Constants.m; sourceTree = "<group>"; };
		41585AA16B8AC169D7F7DCCE /* HeaderView.xib */ = {isa = PBXFileReference; lastKnownFileType = file.xib; path = HeaderView.xib; sourceTree = "<group>"; };
		41585C2442C449CD9820748A /* ItemsViewController.m */ = {isa = PBXFileReference; fileEncoding = 4; lastKnownFileType = sourcecode.c.objc; path = ItemsViewController.m; sourceTree = "<group>"; };
		41585F67BB6A8E96699EF368 /* Constants.h */ = {isa = PBXFileReference; fileEncoding = 4; lastKnownFileType = sourcecode.c.h; path = Constants.h; sourceTree = "<group>"; };
		41585F6D80190DDEE6F3CC11 /* DetailViewController.m */ = {isa = PBXFileReference; fileEncoding = 4; lastKnownFileType = sourcecode.c.objc; path = DetailViewController.m; sourceTree = "<group>"; };
		41585FCF8851023AD2ADAB63 /* BNRItemStore.m */ = {isa = PBXFileReference; fileEncoding = 4; lastKnownFileType = sourcecode.c.objc; path = BNRItemStore.m; sourceTree = "<group>"; };
		A839FCF316A4CC910048E3BC /* Homepwner.app */ = {isa = PBXFileReference; explicitFileType = wrapper.application; includeInIndex = 0; path = Homepwner.app; sourceTree = BUILT_PRODUCTS_DIR; };
		A839FCF716A4CC910048E3BC /* UIKit.framework */ = {isa = PBXFileReference; lastKnownFileType = wrapper.framework; name = UIKit.framework; path = System/Library/Frameworks/UIKit.framework; sourceTree = SDKROOT; };
		A839FCF916A4CC910048E3BC /* Foundation.framework */ = {isa = PBXFileReference; lastKnownFileType = wrapper.framework; name = Foundation.framework; path = System/Library/Frameworks/Foundation.framework; sourceTree = SDKROOT; };
		A839FCFB16A4CC910048E3BC /* CoreGraphics.framework */ = {isa = PBXFileReference; lastKnownFileType = wrapper.framework; name = CoreGraphics.framework; path = System/Library/Frameworks/CoreGraphics.framework; sourceTree = SDKROOT; };
		A839FCFF16A4CC920048E3BC /* Homepwner-Info.plist */ = {isa = PBXFileReference; lastKnownFileType = text.plist.xml; path = "Homepwner-Info.plist"; sourceTree = "<group>"; };
		A839FD0116A4CC920048E3BC /* en */ = {isa = PBXFileReference; lastKnownFileType = text.plist.strings; name = en; path = en.lproj/InfoPlist.strings; sourceTree = "<group>"; };
		A839FD0316A4CC920048E3BC /* main.m */ = {isa = PBXFileReference; lastKnownFileType = sourcecode.c.objc; path = main.m; sourceTree = "<group>"; };
		A839FD0516A4CC920048E3BC /* Homepwner-Prefix.pch */ = {isa = PBXFileReference; lastKnownFileType = sourcecode.c.h; path = "Homepwner-Prefix.pch"; sourceTree = "<group>"; };
		A839FD0616A4CC920048E3BC /* HomepwnerAppDelegate.h */ = {isa = PBXFileReference; lastKnownFileType = sourcecode.c.h; path = HomepwnerAppDelegate.h; sourceTree = "<group>"; };
		A839FD0716A4CC920048E3BC /* HomepwnerAppDelegate.m */ = {isa = PBXFileReference; lastKnownFileType = sourcecode.c.objc; path = HomepwnerAppDelegate.m; sourceTree = "<group>"; };
		A839FD0916A4CC920048E3BC /* Default.png */ = {isa = PBXFileReference; lastKnownFileType = image.png; path = Default.png; sourceTree = "<group>"; };
		A839FD0B16A4CC920048E3BC /* Default@2x.png */ = {isa = PBXFileReference; lastKnownFileType = image.png; path = "Default@2x.png"; sourceTree = "<group>"; };
		A839FD0D16A4CC920048E3BC /* Default-568h@2x.png */ = {isa = PBXFileReference; lastKnownFileType = image.png; path = "Default-568h@2x.png"; sourceTree = "<group>"; };
		A8C22B3816A5FF260086901C /* DeleteIcon.png */ = {isa = PBXFileReference; lastKnownFileType = image.png; path = DeleteIcon.png; sourceTree = "<group>"; };
		A8C22B3916A5FF260086901C /* DeleteIcon@2x.png */ = {isa = PBXFileReference; lastKnownFileType = image.png; path = "DeleteIcon@2x.png"; sourceTree = "<group>"; };
		A8D9438F16A73665005EEC04 /* HomePwnerItemCell.xib */ = {isa = PBXFileReference; fileEncoding = 4; lastKnownFileType = file.xib; path = HomePwnerItemCell.xib; sourceTree = "<group>"; };
/* End PBXFileReference section */

/* Begin PBXFrameworksBuildPhase section */
		A839FCF016A4CC910048E3BC /* Frameworks */ = {
			isa = PBXFrameworksBuildPhase;
			buildActionMask = 2147483647;
			files = (
				A839FCF816A4CC910048E3BC /* UIKit.framework in Frameworks */,
				A839FCFA16A4CC910048E3BC /* Foundation.framework in Frameworks */,
				A839FCFC16A4CC910048E3BC /* CoreGraphics.framework in Frameworks */,
			);
			runOnlyForDeploymentPostprocessing = 0;
		};
/* End PBXFrameworksBuildPhase section */

/* Begin PBXGroup section */
		A839FCE816A4CC910048E3BC = {
			isa = PBXGroup;
			children = (
				A8C22B3416A5FEA50086901C /* Assets */,
				A839FCFD16A4CC910048E3BC /* Homepwner */,
				A839FCF616A4CC910048E3BC /* Frameworks */,
				A839FCF416A4CC910048E3BC /* Products */,
			);
			sourceTree = "<group>";
		};
		A839FCF416A4CC910048E3BC /* Products */ = {
			isa = PBXGroup;
			children = (
				A839FCF316A4CC910048E3BC /* Homepwner.app */,
			);
			name = Products;
			sourceTree = "<group>";
		};
		A839FCF616A4CC910048E3BC /* Frameworks */ = {
			isa = PBXGroup;
			children = (
				A839FCF716A4CC910048E3BC /* UIKit.framework */,
				A839FCF916A4CC910048E3BC /* Foundation.framework */,
				A839FCFB16A4CC910048E3BC /* CoreGraphics.framework */,
			);
			name = Frameworks;
			sourceTree = "<group>";
		};
		A839FCFD16A4CC910048E3BC /* Homepwner */ = {
			isa = PBXGroup;
			children = (
				A839FD0616A4CC920048E3BC /* HomepwnerAppDelegate.h */,
				A839FD0716A4CC920048E3BC /* HomepwnerAppDelegate.m */,
				A839FCFE16A4CC920048E3BC /* Supporting Files */,
				41585C2442C449CD9820748A /* ItemsViewController.m */,
				415853BA54C68788AD509DAC /* ItemsViewController.h */,
				415854AD59503F7C1B76969B /* BNRItem.m */,
				A8D9438F16A73665005EEC04 /* HomePwnerItemCell.xib */,
				415856DB55574812310903C0 /* BNRItem.h */,
				41585FCF8851023AD2ADAB63 /* BNRItemStore.m */,
				415853BE894CF163873B73F4 /* BNRItemStore.h */,
				4158582136161385D66F6958 /* Constants.m */,
				41585F67BB6A8E96699EF368 /* Constants.h */,
				41585AA16B8AC169D7F7DCCE /* HeaderView.xib */,
				41585123E3EE1C06ACD895B1 /* DetailViewController.h */,
				41585F6D80190DDEE6F3CC11 /* DetailViewController.m */,
				415856F814FBA3B109A3C0AB /* DetailViewController.xib */,
				415855D28AE7A70B489F6776 /* BNRImageStore.m */,
				4158500D08983A6F89F91A45 /* BNRImageStore.h */,
				415856D6A60DCA570017E332 /* HomePwnerItemCell.m */,
				415857EC07F9D5D86E41FE26 /* HomePwnerItemCell.h */,
			);
			path = Homepwner;
			sourceTree = "<group>";
		};
		A839FCFE16A4CC920048E3BC /* Supporting Files */ = {
			isa = PBXGroup;
			children = (
				A839FCFF16A4CC920048E3BC /* Homepwner-Info.plist */,
				A839FD0016A4CC920048E3BC /* InfoPlist.strings */,
				A839FD0316A4CC920048E3BC /* main.m */,
				A839FD0516A4CC920048E3BC /* Homepwner-Prefix.pch */,
				A839FD0916A4CC920048E3BC /* Default.png */,
				A839FD0B16A4CC920048E3BC /* Default@2x.png */,
				A839FD0D16A4CC920048E3BC /* Default-568h@2x.png */,
			);
			name = "Supporting Files";
			sourceTree = "<group>";
		};
		A8C22B3416A5FEA50086901C /* Assets */ = {
			isa = PBXGroup;
			children = (
				A8C22B3816A5FF260086901C /* DeleteIcon.png */,
				A8C22B3916A5FF260086901C /* DeleteIcon@2x.png */,
			);
			name = Assets;
			sourceTree = "<group>";
		};
/* End PBXGroup section */

/* Begin PBXNativeTarget section */
		A839FCF216A4CC910048E3BC /* Homepwner */ = {
			isa = PBXNativeTarget;
			buildConfigurationList = A839FD1116A4CC920048E3BC /* Build configuration list for PBXNativeTarget "Homepwner" */;
			buildPhases = (
				A839FCEF16A4CC910048E3BC /* Sources */,
				A839FCF016A4CC910048E3BC /* Frameworks */,
				A839FCF116A4CC910048E3BC /* Resources */,
			);
			buildRules = (
			);
			dependencies = (
			);
			name = Homepwner;
			productName = Homepwner;
			productReference = A839FCF316A4CC910048E3BC /* Homepwner.app */;
			productType = "com.apple.product-type.application";
		};
/* End PBXNativeTarget section */

/* Begin PBXProject section */
		A839FCEA16A4CC910048E3BC /* Project object */ = {
			isa = PBXProject;
			attributes = {
				CLASSPREFIX = Homepwner;
				LastUpgradeCheck = 0450;
				ORGANIZATIONNAME = "Ryan Blunden";
			};
			buildConfigurationList = A839FCED16A4CC910048E3BC /* Build configuration list for PBXProject "Homepwner" */;
			compatibilityVersion = "Xcode 3.2";
			developmentRegion = English;
			hasScannedForEncodings = 0;
			knownRegions = (
				en,
			);
			mainGroup = A839FCE816A4CC910048E3BC;
			productRefGroup = A839FCF416A4CC910048E3BC /* Products */;
			projectDirPath = "";
			projectRoot = "";
			targets = (
				A839FCF216A4CC910048E3BC /* Homepwner */,
			);
		};
/* End PBXProject section */

/* Begin PBXResourcesBuildPhase section */
		A839FCF116A4CC910048E3BC /* Resources */ = {
			isa = PBXResourcesBuildPhase;
			buildActionMask = 2147483647;
			files = (
				A839FD0216A4CC920048E3BC /* InfoPlist.strings in Resources */,
				A839FD0A16A4CC920048E3BC /* Default.png in Resources */,
				A839FD0C16A4CC920048E3BC /* Default@2x.png in Resources */,
				A839FD0E16A4CC920048E3BC /* Default-568h@2x.png in Resources */,
				41585FECDA2C695C0366F23B /* HeaderView.xib in Resources */,
				41585B9F45C9DB27BD54F792 /* DetailViewController.xib in Resources */,
				A8C22B3A16A5FF260086901C /* DeleteIcon.png in Resources */,
				A8C22B3B16A5FF260086901C /* DeleteIcon@2x.png in Resources */,
				A8D9439016A73665005EEC04 /* HomePwnerItemCell.xib in Resources */,
			);
			runOnlyForDeploymentPostprocessing = 0;
		};
/* End PBXResourcesBuildPhase section */

/* Begin PBXSourcesBuildPhase section */
		A839FCEF16A4CC910048E3BC /* Sources */ = {
			isa = PBXSourcesBuildPhase;
			buildActionMask = 2147483647;
			files = (
				A839FD0416A4CC920048E3BC /* main.m in Sources */,
				A839FD0816A4CC920048E3BC /* HomepwnerAppDelegate.m in Sources */,
				41585D673CF76412A901C41D /* ItemsViewController.m in Sources */,
				41585C21C3D1586569F389DC /* BNRItem.m in Sources */,
				41585C32B261FB9F967064A5 /* BNRItemStore.m in Sources */,
				41585A089C8EB584FFC175BF /* Constants.m in Sources */,
				415853737489ED12DEF61B6C /* DetailViewController.m in Sources */,
				4158554A4CD30B68708AF936 /* BNRImageStore.m in Sources */,
				4158520C025765049AC56923 /* HomePwnerItemCell.m in Sources */,
			);
			runOnlyForDeploymentPostprocessing = 0;
		};
/* End PBXSourcesBuildPhase section */

/* Begin PBXVariantGroup section */
		A839FD0016A4CC920048E3BC /* InfoPlist.strings */ = {
			isa = PBXVariantGroup;
			children = (
				A839FD0116A4CC920048E3BC /* en */,
			);
			name = InfoPlist.strings;
			sourceTree = "<group>";
		};
/* End PBXVariantGroup section */

/* Begin XCBuildConfiguration section */
		A839FD0F16A4CC920048E3BC /* Debug */ = {
			isa = XCBuildConfiguration;
			buildSettings = {
				ALWAYS_SEARCH_USER_PATHS = NO;
				CLANG_CXX_LANGUAGE_STANDARD = "gnu++0x";
				CLANG_CXX_LIBRARY = "libc++";
				CLANG_ENABLE_OBJC_ARC = YES;
				CLANG_WARN_EMPTY_BODY = YES;
				CLANG_WARN__DUPLICATE_METHOD_MATCH = YES;
				"CODE_SIGN_IDENTITY[sdk=iphoneos*]" = "iPhone Developer";
				COPY_PHASE_STRIP = NO;
				GCC_C_LANGUAGE_STANDARD = gnu99;
				GCC_DYNAMIC_NO_PIC = NO;
				GCC_OPTIMIZATION_LEVEL = 0;
				GCC_PREPROCESSOR_DEFINITIONS = (
					"DEBUG=1",
					"$(inherited)",
				);
				GCC_SYMBOLS_PRIVATE_EXTERN = NO;
				GCC_WARN_ABOUT_RETURN_TYPE = YES;
				GCC_WARN_UNINITIALIZED_AUTOS = YES;
				GCC_WARN_UNUSED_VARIABLE = YES;
				IPHONEOS_DEPLOYMENT_TARGET = 6.0;
				ONLY_ACTIVE_ARCH = YES;
				SDKROOT = iphoneos;
			};
			name = Debug;
		};
		A839FD1016A4CC920048E3BC /* Release */ = {
			isa = XCBuildConfiguration;
			buildSettings = {
				ALWAYS_SEARCH_USER_PATHS = NO;
				CLANG_CXX_LANGUAGE_STANDARD = "gnu++0x";
				CLANG_CXX_LIBRARY = "libc++";
				CLANG_ENABLE_OBJC_ARC = YES;
				CLANG_WARN_EMPTY_BODY = YES;
				CLANG_WARN__DUPLICATE_METHOD_MATCH = YES;
				"CODE_SIGN_IDENTITY[sdk=iphoneos*]" = "iPhone Developer";
				COPY_PHASE_STRIP = YES;
				GCC_C_LANGUAGE_STANDARD = gnu99;
				GCC_WARN_ABOUT_RETURN_TYPE = YES;
				GCC_WARN_UNINITIALIZED_AUTOS = YES;
				GCC_WARN_UNUSED_VARIABLE = YES;
				IPHONEOS_DEPLOYMENT_TARGET = 6.0;
				OTHER_CFLAGS = "-DNS_BLOCK_ASSERTIONS=1";
				SDKROOT = iphoneos;
				VALIDATE_PRODUCT = YES;
			};
			name = Release;
		};
		A839FD1216A4CC920048E3BC /* Debug */ = {
			isa = XCBuildConfiguration;
			buildSettings = {
				GCC_PRECOMPILE_PREFIX_HEADER = YES;
				GCC_PREFIX_HEADER = "Homepwner/Homepwner-Prefix.pch";
				INFOPLIST_FILE = "Homepwner/Homepwner-Info.plist";
				IPHONEOS_DEPLOYMENT_TARGET = 6.0;
				PRODUCT_NAME = "$(TARGET_NAME)";
				TARGETED_DEVICE_FAMILY = "1,2";
				WRAPPER_EXTENSION = app;
			};
			name = Debug;
		};
		A839FD1316A4CC920048E3BC /* Release */ = {
			isa = XCBuildConfiguration;
			buildSettings = {
				GCC_PRECOMPILE_PREFIX_HEADER = YES;
				GCC_PREFIX_HEADER = "Homepwner/Homepwner-Prefix.pch";
				INFOPLIST_FILE = "Homepwner/Homepwner-Info.plist";
				IPHONEOS_DEPLOYMENT_TARGET = 6.0;
				PRODUCT_NAME = "$(TARGET_NAME)";
				TARGETED_DEVICE_FAMILY = "1,2";
				WRAPPER_EXTENSION = app;
			};
			name = Release;
		};
/* End XCBuildConfiguration section */

/* Begin XCConfigurationList section */
		A839FCED16A4CC910048E3BC /* Build configuration list for PBXProject "Homepwner" */ = {
			isa = XCConfigurationList;
			buildConfigurations = (
				A839FD0F16A4CC920048E3BC /* Debug */,
				A839FD1016A4CC920048E3BC /* Release */,
			);
			defaultConfigurationIsVisible = 0;
			defaultConfigurationName = Release;
		};
		A839FD1116A4CC920048E3BC /* Build configuration list for PBXNativeTarget "Homepwner" */ = {
			isa = XCConfigurationList;
			buildConfigurations = (
				A839FD1216A4CC920048E3BC /* Debug */,
				A839FD1316A4CC920048E3BC /* Release */,
			);
			defaultConfigurationIsVisible = 0;
			defaultConfigurationName = Release;
		};
/* End XCConfigurationList section */
	};
	rootObject = A839FCEA16A4CC910048E3BC /* Project object */;
}
